// !$*UTF8*$!
{
	archiveVersion = 1;
	classes = {
	};
	objectVersion = 63;
	objects = {

/* Begin PBXBuildFile section */
		0001972D2CAEE0D4007FF404 /* MainViewController.swift in Sources */ = {isa = PBXBuildFile; fileRef = 0001972C2CAEE0D4007FF404 /* MainViewController.swift */; };
		0001972F2CAEE37D007FF404 /* AppDelegate.swift in Sources */ = {isa = PBXBuildFile; fileRef = 0001972E2CAEE37D007FF404 /* AppDelegate.swift */; };
		000197312CAEE384007FF404 /* SceneDelegate.swift in Sources */ = {isa = PBXBuildFile; fileRef = 000197302CAEE384007FF404 /* SceneDelegate.swift */; };
		000197332CAEE7CC007FF404 /* TestView.swift in Sources */ = {isa = PBXBuildFile; fileRef = 000197322CAEE7CC007FF404 /* TestView.swift */; };
		0001977B2CAEF8D9007FF404 /* LaunchScreen.storyboard in Resources */ = {isa = PBXBuildFile; fileRef = 0001977A2CAEF8D9007FF404 /* LaunchScreen.storyboard */; };
		13EA013E27617C27A26FA967 /* Pods_FlexLayoutPractice.framework in Frameworks */ = {isa = PBXBuildFile; fileRef = 2D92DE8A279995D3963427EB /* Pods_FlexLayoutPractice.framework */; };
		6407C4D35DCE419FBC84D72D /* Pods_FlexLayoutPractice_FlexLayoutPracticeUITests.framework in Frameworks */ = {isa = PBXBuildFile; fileRef = 3BB8ECCA7733B17A85538E73 /* Pods_FlexLayoutPractice_FlexLayoutPracticeUITests.framework */; };
		CEDCDF19786CBAA407ED71C2 /* Pods_FlexLayoutPracticeTests.framework in Frameworks */ = {isa = PBXBuildFile; fileRef = F8359120E1E693B509336472 /* Pods_FlexLayoutPracticeTests.framework */; };
/* End PBXBuildFile section */

/* Begin PBXContainerItemProxy section */
		000A54D82CAED94400FBC1AF /* PBXContainerItemProxy */ = {
			isa = PBXContainerItemProxy;
			containerPortal = 000A54BF2CAED94300FBC1AF /* Project object */;
			proxyType = 1;
			remoteGlobalIDString = 000A54C62CAED94300FBC1AF;
			remoteInfo = FlexLayoutPractice;
		};
		000A54E22CAED94400FBC1AF /* PBXContainerItemProxy */ = {
			isa = PBXContainerItemProxy;
			containerPortal = 000A54BF2CAED94300FBC1AF /* Project object */;
			proxyType = 1;
			remoteGlobalIDString = 000A54C62CAED94300FBC1AF;
			remoteInfo = FlexLayoutPractice;
		};
/* End PBXContainerItemProxy section */

/* Begin PBXFileReference section */
		0001972C2CAEE0D4007FF404 /* MainViewController.swift */ = {isa = PBXFileReference; lastKnownFileType = sourcecode.swift; path = MainViewController.swift; sourceTree = "<group>"; };
		0001972E2CAEE37D007FF404 /* AppDelegate.swift */ = {isa = PBXFileReference; lastKnownFileType = sourcecode.swift; path = AppDelegate.swift; sourceTree = "<group>"; };
		000197302CAEE384007FF404 /* SceneDelegate.swift */ = {isa = PBXFileReference; lastKnownFileType = sourcecode.swift; path = SceneDelegate.swift; sourceTree = "<group>"; };
		000197322CAEE7CC007FF404 /* TestView.swift */ = {isa = PBXFileReference; lastKnownFileType = sourcecode.swift; path = TestView.swift; sourceTree = "<group>"; };
		000197752CAEF5C0007FF404 /* Info.plist */ = {isa = PBXFileReference; lastKnownFileType = text.plist.xml; path = Info.plist; sourceTree = "<group>"; };
		000197792CAEF8D9007FF404 /* LaunchScreen.storyboard */ = {isa = PBXFileReference; lastKnownFileType = file.storyboard; name = LaunchScreen.storyboard; path = Base.lproj/LaunchScreen.storyboard; sourceTree = "<group>"; };
		000A54C72CAED94300FBC1AF /* FlexLayoutPractice.app */ = {isa = PBXFileReference; explicitFileType = wrapper.application; includeInIndex = 0; path = FlexLayoutPractice.app; sourceTree = BUILT_PRODUCTS_DIR; };
		000A54D72CAED94400FBC1AF /* FlexLayoutPracticeTests.xctest */ = {isa = PBXFileReference; explicitFileType = wrapper.cfbundle; includeInIndex = 0; path = FlexLayoutPracticeTests.xctest; sourceTree = BUILT_PRODUCTS_DIR; };
		000A54E12CAED94400FBC1AF /* FlexLayoutPracticeUITests.xctest */ = {isa = PBXFileReference; explicitFileType = wrapper.cfbundle; includeInIndex = 0; path = FlexLayoutPracticeUITests.xctest; sourceTree = BUILT_PRODUCTS_DIR; };
		2D92DE8A279995D3963427EB /* Pods_FlexLayoutPractice.framework */ = {isa = PBXFileReference; explicitFileType = wrapper.framework; includeInIndex = 0; path = Pods_FlexLayoutPractice.framework; sourceTree = BUILT_PRODUCTS_DIR; };
		3BB8ECCA7733B17A85538E73 /* Pods_FlexLayoutPractice_FlexLayoutPracticeUITests.framework */ = {isa = PBXFileReference; explicitFileType = wrapper.framework; includeInIndex = 0; path = Pods_FlexLayoutPractice_FlexLayoutPracticeUITests.framework; sourceTree = BUILT_PRODUCTS_DIR; };
		4A30754CA6E1B6130E3BD607 /* Pods-FlexLayoutPractice-FlexLayoutPracticeUITests.debug.xcconfig */ = {isa = PBXFileReference; includeInIndex = 1; lastKnownFileType = text.xcconfig; name = "Pods-FlexLayoutPractice-FlexLayoutPracticeUITests.debug.xcconfig"; path = "Target Support Files/Pods-FlexLayoutPractice-FlexLayoutPracticeUITests/Pods-FlexLayoutPractice-FlexLayoutPracticeUITests.debug.xcconfig"; sourceTree = "<group>"; };
		676265ED8FECAED2193B6C12 /* Pods-FlexLayoutPractice.debug.xcconfig */ = {isa = PBXFileReference; includeInIndex = 1; lastKnownFileType = text.xcconfig; name = "Pods-FlexLayoutPractice.debug.xcconfig"; path = "Target Support Files/Pods-FlexLayoutPractice/Pods-FlexLayoutPractice.debug.xcconfig"; sourceTree = "<group>"; };
		8A976FB054C1FAAB0ADA591D /* Pods-FlexLayoutPracticeTests.debug.xcconfig */ = {isa = PBXFileReference; includeInIndex = 1; lastKnownFileType = text.xcconfig; name = "Pods-FlexLayoutPracticeTests.debug.xcconfig"; path = "Target Support Files/Pods-FlexLayoutPracticeTests/Pods-FlexLayoutPracticeTests.debug.xcconfig"; sourceTree = "<group>"; };
		C035E727249D3966FB5F4BFE /* Pods-FlexLayoutPracticeTests.release.xcconfig */ = {isa = PBXFileReference; includeInIndex = 1; lastKnownFileType = text.xcconfig; name = "Pods-FlexLayoutPracticeTests.release.xcconfig"; path = "Target Support Files/Pods-FlexLayoutPracticeTests/Pods-FlexLayoutPracticeTests.release.xcconfig"; sourceTree = "<group>"; };
		C4EDECE98EB0915074899B2F /* Pods-FlexLayoutPractice.release.xcconfig */ = {isa = PBXFileReference; includeInIndex = 1; lastKnownFileType = text.xcconfig; name = "Pods-FlexLayoutPractice.release.xcconfig"; path = "Target Support Files/Pods-FlexLayoutPractice/Pods-FlexLayoutPractice.release.xcconfig"; sourceTree = "<group>"; };
		C996D9B4A80BF63BDAC314E2 /* Pods-FlexLayoutPractice-FlexLayoutPracticeUITests.release.xcconfig */ = {isa = PBXFileReference; includeInIndex = 1; lastKnownFileType = text.xcconfig; name = "Pods-FlexLayoutPractice-FlexLayoutPracticeUITests.release.xcconfig"; path = "Target Support Files/Pods-FlexLayoutPractice-FlexLayoutPracticeUITests/Pods-FlexLayoutPractice-FlexLayoutPracticeUITests.release.xcconfig"; sourceTree = "<group>"; };
		F8359120E1E693B509336472 /* Pods_FlexLayoutPracticeTests.framework */ = {isa = PBXFileReference; explicitFileType = wrapper.framework; includeInIndex = 0; path = Pods_FlexLayoutPracticeTests.framework; sourceTree = BUILT_PRODUCTS_DIR; };
/* End PBXFileReference section */

/* Begin PBXFrameworksBuildPhase section */
		000A54C42CAED94300FBC1AF /* Frameworks */ = {
			isa = PBXFrameworksBuildPhase;
			buildActionMask = 2147483647;
			files = (
				13EA013E27617C27A26FA967 /* Pods_FlexLayoutPractice.framework in Frameworks */,
			);
			runOnlyForDeploymentPostprocessing = 0;
		};
		000A54D42CAED94400FBC1AF /* Frameworks */ = {
			isa = PBXFrameworksBuildPhase;
			buildActionMask = 2147483647;
			files = (
				CEDCDF19786CBAA407ED71C2 /* Pods_FlexLayoutPracticeTests.framework in Frameworks */,
			);
			runOnlyForDeploymentPostprocessing = 0;
		};
		000A54DE2CAED94400FBC1AF /* Frameworks */ = {
			isa = PBXFrameworksBuildPhase;
			buildActionMask = 2147483647;
			files = (
				6407C4D35DCE419FBC84D72D /* Pods_FlexLayoutPractice_FlexLayoutPracticeUITests.framework in Frameworks */,
			);
			runOnlyForDeploymentPostprocessing = 0;
		};
/* End PBXFrameworksBuildPhase section */

/* Begin PBXGroup section */
		000A54BE2CAED94300FBC1AF = {
			isa = PBXGroup;
			children = (
				000A54C92CAED94300FBC1AF /* FlexLayoutPractice */,
				000A54DA2CAED94400FBC1AF /* FlexLayoutPracticeTests */,
				000A54E42CAED94400FBC1AF /* FlexLayoutPracticeUITests */,
				000A54C82CAED94300FBC1AF /* Products */,
				1F2E2C236005183FD1526990 /* Pods */,
				6B0C62F4623C281B5659A6E6 /* Frameworks */,
			);
			sourceTree = "<group>";
		};
		000A54C82CAED94300FBC1AF /* Products */ = {
			isa = PBXGroup;
			children = (
				000A54C72CAED94300FBC1AF /* FlexLayoutPractice.app */,
				000A54D72CAED94400FBC1AF /* FlexLayoutPracticeTests.xctest */,
				000A54E12CAED94400FBC1AF /* FlexLayoutPracticeUITests.xctest */,
			);
			name = Products;
			sourceTree = "<group>";
		};
		000A54C92CAED94300FBC1AF /* FlexLayoutPractice */ = {
			isa = PBXGroup;
			children = (
				0001977A2CAEF8D9007FF404 /* LaunchScreen.storyboard */,
				000197752CAEF5C0007FF404 /* Info.plist */,
				0001972C2CAEE0D4007FF404 /* MainViewController.swift */,
				000197322CAEE7CC007FF404 /* TestView.swift */,
				0001972E2CAEE37D007FF404 /* AppDelegate.swift */,
				000197302CAEE384007FF404 /* SceneDelegate.swift */,
			);
			path = FlexLayoutPractice;
			sourceTree = "<group>";
		};
		000A54DA2CAED94400FBC1AF /* FlexLayoutPracticeTests */ = {
			isa = PBXGroup;
			children = (
			);
			path = FlexLayoutPracticeTests;
			sourceTree = "<group>";
		};
		000A54E42CAED94400FBC1AF /* FlexLayoutPracticeUITests */ = {
			isa = PBXGroup;
			children = (
			);
			path = FlexLayoutPracticeUITests;
			sourceTree = "<group>";
		};
		1F2E2C236005183FD1526990 /* Pods */ = {
			isa = PBXGroup;
			children = (
				676265ED8FECAED2193B6C12 /* Pods-FlexLayoutPractice.debug.xcconfig */,
				C4EDECE98EB0915074899B2F /* Pods-FlexLayoutPractice.release.xcconfig */,
				4A30754CA6E1B6130E3BD607 /* Pods-FlexLayoutPractice-FlexLayoutPracticeUITests.debug.xcconfig */,
				C996D9B4A80BF63BDAC314E2 /* Pods-FlexLayoutPractice-FlexLayoutPracticeUITests.release.xcconfig */,
				8A976FB054C1FAAB0ADA591D /* Pods-FlexLayoutPracticeTests.debug.xcconfig */,
				C035E727249D3966FB5F4BFE /* Pods-FlexLayoutPracticeTests.release.xcconfig */,
			);
			path = Pods;
			sourceTree = "<group>";
		};
		6B0C62F4623C281B5659A6E6 /* Frameworks */ = {
			isa = PBXGroup;
			children = (
				2D92DE8A279995D3963427EB /* Pods_FlexLayoutPractice.framework */,
				3BB8ECCA7733B17A85538E73 /* Pods_FlexLayoutPractice_FlexLayoutPracticeUITests.framework */,
				F8359120E1E693B509336472 /* Pods_FlexLayoutPracticeTests.framework */,
			);
			name = Frameworks;
			sourceTree = "<group>";
		};
/* End PBXGroup section */

/* Begin PBXNativeTarget section */
		000A54C62CAED94300FBC1AF /* FlexLayoutPractice */ = {
			isa = PBXNativeTarget;
			buildConfigurationList = 000A54EB2CAED94400FBC1AF /* Build configuration list for PBXNativeTarget "FlexLayoutPractice" */;
			buildPhases = (
				C69ADB6D056381ED9C4C4ED4 /* [CP] Check Pods Manifest.lock */,
				000A54C32CAED94300FBC1AF /* Sources */,
				000A54C42CAED94300FBC1AF /* Frameworks */,
				000A54C52CAED94300FBC1AF /* Resources */,
				B60AC4FF02FDB562BC0CA223 /* [CP] Embed Pods Frameworks */,
			);
			buildRules = (
			);
			dependencies = (
			);
			name = FlexLayoutPractice;
			productName = FlexLayoutPractice;
			productReference = 000A54C72CAED94300FBC1AF /* FlexLayoutPractice.app */;
			productType = "com.apple.product-type.application";
		};
		000A54D62CAED94400FBC1AF /* FlexLayoutPracticeTests */ = {
			isa = PBXNativeTarget;
			buildConfigurationList = 000A54EE2CAED94400FBC1AF /* Build configuration list for PBXNativeTarget "FlexLayoutPracticeTests" */;
			buildPhases = (
				B9F3278ED9DAEA272774F2BE /* [CP] Check Pods Manifest.lock */,
				000A54D32CAED94400FBC1AF /* Sources */,
				000A54D42CAED94400FBC1AF /* Frameworks */,
				000A54D52CAED94400FBC1AF /* Resources */,
			);
			buildRules = (
			);
			dependencies = (
				000A54D92CAED94400FBC1AF /* PBXTargetDependency */,
			);
			name = FlexLayoutPracticeTests;
			productName = FlexLayoutPracticeTests;
			productReference = 000A54D72CAED94400FBC1AF /* FlexLayoutPracticeTests.xctest */;
			productType = "com.apple.product-type.bundle.unit-test";
		};
		000A54E02CAED94400FBC1AF /* FlexLayoutPracticeUITests */ = {
			isa = PBXNativeTarget;
			buildConfigurationList = 000A54F12CAED94400FBC1AF /* Build configuration list for PBXNativeTarget "FlexLayoutPracticeUITests" */;
			buildPhases = (
				5928F7AA59E9745CD1E0AC25 /* [CP] Check Pods Manifest.lock */,
				000A54DD2CAED94400FBC1AF /* Sources */,
				000A54DE2CAED94400FBC1AF /* Frameworks */,
				000A54DF2CAED94400FBC1AF /* Resources */,
				000CCFB20BB39F9C90C6BE06 /* [CP] Embed Pods Frameworks */,
			);
			buildRules = (
			);
			dependencies = (
				000A54E32CAED94400FBC1AF /* PBXTargetDependency */,
			);
			name = FlexLayoutPracticeUITests;
			productName = FlexLayoutPracticeUITests;
			productReference = 000A54E12CAED94400FBC1AF /* FlexLayoutPracticeUITests.xctest */;
			productType = "com.apple.product-type.bundle.ui-testing";
		};
/* End PBXNativeTarget section */

/* Begin PBXProject section */
		000A54BF2CAED94300FBC1AF /* Project object */ = {
			isa = PBXProject;
			attributes = {
				BuildIndependentTargetsInParallel = 1;
				LastSwiftUpdateCheck = 1600;
				LastUpgradeCheck = 1600;
				TargetAttributes = {
					000A54C62CAED94300FBC1AF = {
						CreatedOnToolsVersion = 16.0;
						LastSwiftMigration = 1600;
					};
					000A54D62CAED94400FBC1AF = {
						CreatedOnToolsVersion = 16.0;
						TestTargetID = 000A54C62CAED94300FBC1AF;
					};
					000A54E02CAED94400FBC1AF = {
						CreatedOnToolsVersion = 16.0;
						TestTargetID = 000A54C62CAED94300FBC1AF;
					};
				};
			};
			buildConfigurationList = 000A54C22CAED94300FBC1AF /* Build configuration list for PBXProject "FlexLayoutPractice" */;
			compatibilityVersion = "Xcode 15.3";
			developmentRegion = en;
			hasScannedForEncodings = 0;
			knownRegions = (
				en,
				Base,
			);
			mainGroup = 000A54BE2CAED94300FBC1AF;
			minimizedProjectReferenceProxies = 1;
			productRefGroup = 000A54C82CAED94300FBC1AF /* Products */;
			projectDirPath = "";
			projectRoot = "";
			targets = (
				000A54C62CAED94300FBC1AF /* FlexLayoutPractice */,
				000A54D62CAED94400FBC1AF /* FlexLayoutPracticeTests */,
				000A54E02CAED94400FBC1AF /* FlexLayoutPracticeUITests */,
			);
		};
/* End PBXProject section */

/* Begin PBXResourcesBuildPhase section */
		000A54C52CAED94300FBC1AF /* Resources */ = {
			isa = PBXResourcesBuildPhase;
			buildActionMask = 2147483647;
			files = (
				0001977B2CAEF8D9007FF404 /* LaunchScreen.storyboard in Resources */,
			);
			runOnlyForDeploymentPostprocessing = 0;
		};
		000A54D52CAED94400FBC1AF /* Resources */ = {
			isa = PBXResourcesBuildPhase;
			buildActionMask = 2147483647;
			files = (
			);
			runOnlyForDeploymentPostprocessing = 0;
		};
		000A54DF2CAED94400FBC1AF /* Resources */ = {
			isa = PBXResourcesBuildPhase;
			buildActionMask = 2147483647;
			files = (
			);
			runOnlyForDeploymentPostprocessing = 0;
		};
/* End PBXResourcesBuildPhase section */

/* Begin PBXShellScriptBuildPhase section */
		000CCFB20BB39F9C90C6BE06 /* [CP] Embed Pods Frameworks */ = {
			isa = PBXShellScriptBuildPhase;
			buildActionMask = 2147483647;
			files = (
			);
			inputFileListPaths = (
				"${PODS_ROOT}/Target Support Files/Pods-FlexLayoutPractice-FlexLayoutPracticeUITests/Pods-FlexLayoutPractice-FlexLayoutPracticeUITests-frameworks-${CONFIGURATION}-input-files.xcfilelist",
			);
			name = "[CP] Embed Pods Frameworks";
			outputFileListPaths = (
				"${PODS_ROOT}/Target Support Files/Pods-FlexLayoutPractice-FlexLayoutPracticeUITests/Pods-FlexLayoutPractice-FlexLayoutPracticeUITests-frameworks-${CONFIGURATION}-output-files.xcfilelist",
			);
			runOnlyForDeploymentPostprocessing = 0;
			shellPath = /bin/sh;
			shellScript = "\"${PODS_ROOT}/Target Support Files/Pods-FlexLayoutPractice-FlexLayoutPracticeUITests/Pods-FlexLayoutPractice-FlexLayoutPracticeUITests-frameworks.sh\"\n";
			showEnvVarsInLog = 0;
		};
		5928F7AA59E9745CD1E0AC25 /* [CP] Check Pods Manifest.lock */ = {
			isa = PBXShellScriptBuildPhase;
			buildActionMask = 2147483647;
			files = (
			);
			inputFileListPaths = (
			);
			inputPaths = (
				"${PODS_PODFILE_DIR_PATH}/Podfile.lock",
				"${PODS_ROOT}/Manifest.lock",
			);
			name = "[CP] Check Pods Manifest.lock";
			outputFileListPaths = (
			);
			outputPaths = (
				"$(DERIVED_FILE_DIR)/Pods-FlexLayoutPractice-FlexLayoutPracticeUITests-checkManifestLockResult.txt",
			);
			runOnlyForDeploymentPostprocessing = 0;
			shellPath = /bin/sh;
			shellScript = "diff \"${PODS_PODFILE_DIR_PATH}/Podfile.lock\" \"${PODS_ROOT}/Manifest.lock\" > /dev/null\nif [ $? != 0 ] ; then\n    # print error to STDERR\n    echo \"error: The sandbox is not in sync with the Podfile.lock. Run 'pod install' or update your CocoaPods installation.\" >&2\n    exit 1\nfi\n# This output is used by Xcode 'outputs' to avoid re-running this script phase.\necho \"SUCCESS\" > \"${SCRIPT_OUTPUT_FILE_0}\"\n";
			showEnvVarsInLog = 0;
		};
		B60AC4FF02FDB562BC0CA223 /* [CP] Embed Pods Frameworks */ = {
			isa = PBXShellScriptBuildPhase;
			buildActionMask = 2147483647;
			files = (
			);
			inputFileListPaths = (
				"${PODS_ROOT}/Target Support Files/Pods-FlexLayoutPractice/Pods-FlexLayoutPractice-frameworks-${CONFIGURATION}-input-files.xcfilelist",
			);
			name = "[CP] Embed Pods Frameworks";
			outputFileListPaths = (
				"${PODS_ROOT}/Target Support Files/Pods-FlexLayoutPractice/Pods-FlexLayoutPractice-frameworks-${CONFIGURATION}-output-files.xcfilelist",
			);
			runOnlyForDeploymentPostprocessing = 0;
			shellPath = /bin/sh;
			shellScript = "\"${PODS_ROOT}/Target Support Files/Pods-FlexLayoutPractice/Pods-FlexLayoutPractice-frameworks.sh\"\n";
			showEnvVarsInLog = 0;
		};
		B9F3278ED9DAEA272774F2BE /* [CP] Check Pods Manifest.lock */ = {
			isa = PBXShellScriptBuildPhase;
			buildActionMask = 2147483647;
			files = (
			);
			inputFileListPaths = (
			);
			inputPaths = (
				"${PODS_PODFILE_DIR_PATH}/Podfile.lock",
				"${PODS_ROOT}/Manifest.lock",
			);
			name = "[CP] Check Pods Manifest.lock";
			outputFileListPaths = (
			);
			outputPaths = (
				"$(DERIVED_FILE_DIR)/Pods-FlexLayoutPracticeTests-checkManifestLockResult.txt",
			);
			runOnlyForDeploymentPostprocessing = 0;
			shellPath = /bin/sh;
			shellScript = "diff \"${PODS_PODFILE_DIR_PATH}/Podfile.lock\" \"${PODS_ROOT}/Manifest.lock\" > /dev/null\nif [ $? != 0 ] ; then\n    # print error to STDERR\n    echo \"error: The sandbox is not in sync with the Podfile.lock. Run 'pod install' or update your CocoaPods installation.\" >&2\n    exit 1\nfi\n# This output is used by Xcode 'outputs' to avoid re-running this script phase.\necho \"SUCCESS\" > \"${SCRIPT_OUTPUT_FILE_0}\"\n";
			showEnvVarsInLog = 0;
		};
		C69ADB6D056381ED9C4C4ED4 /* [CP] Check Pods Manifest.lock */ = {
			isa = PBXShellScriptBuildPhase;
			buildActionMask = 2147483647;
			files = (
			);
			inputFileListPaths = (
			);
			inputPaths = (
				"${PODS_PODFILE_DIR_PATH}/Podfile.lock",
				"${PODS_ROOT}/Manifest.lock",
			);
			name = "[CP] Check Pods Manifest.lock";
			outputFileListPaths = (
			);
			outputPaths = (
				"$(DERIVED_FILE_DIR)/Pods-FlexLayoutPractice-checkManifestLockResult.txt",
			);
			runOnlyForDeploymentPostprocessing = 0;
			shellPath = /bin/sh;
			shellScript = "diff \"${PODS_PODFILE_DIR_PATH}/Podfile.lock\" \"${PODS_ROOT}/Manifest.lock\" > /dev/null\nif [ $? != 0 ] ; then\n    # print error to STDERR\n    echo \"error: The sandbox is not in sync with the Podfile.lock. Run 'pod install' or update your CocoaPods installation.\" >&2\n    exit 1\nfi\n# This output is used by Xcode 'outputs' to avoid re-running this script phase.\necho \"SUCCESS\" > \"${SCRIPT_OUTPUT_FILE_0}\"\n";
			showEnvVarsInLog = 0;
		};
/* End PBXShellScriptBuildPhase section */

/* Begin PBXSourcesBuildPhase section */
		000A54C32CAED94300FBC1AF /* Sources */ = {
			isa = PBXSourcesBuildPhase;
			buildActionMask = 2147483647;
			files = (
				000197332CAEE7CC007FF404 /* TestView.swift in Sources */,
				0001972F2CAEE37D007FF404 /* AppDelegate.swift in Sources */,
				0001972D2CAEE0D4007FF404 /* MainViewController.swift in Sources */,
				000197312CAEE384007FF404 /* SceneDelegate.swift in Sources */,
			);
			runOnlyForDeploymentPostprocessing = 0;
		};
		000A54D32CAED94400FBC1AF /* Sources */ = {
			isa = PBXSourcesBuildPhase;
			buildActionMask = 2147483647;
			files = (
			);
			runOnlyForDeploymentPostprocessing = 0;
		};
		000A54DD2CAED94400FBC1AF /* Sources */ = {
			isa = PBXSourcesBuildPhase;
			buildActionMask = 2147483647;
			files = (
			);
			runOnlyForDeploymentPostprocessing = 0;
		};
/* End PBXSourcesBuildPhase section */

/* Begin PBXTargetDependency section */
		000A54D92CAED94400FBC1AF /* PBXTargetDependency */ = {
			isa = PBXTargetDependency;
			target = 000A54C62CAED94300FBC1AF /* FlexLayoutPractice */;
			targetProxy = 000A54D82CAED94400FBC1AF /* PBXContainerItemProxy */;
		};
		000A54E32CAED94400FBC1AF /* PBXTargetDependency */ = {
			isa = PBXTargetDependency;
			target = 000A54C62CAED94300FBC1AF /* FlexLayoutPractice */;
			targetProxy = 000A54E22CAED94400FBC1AF /* PBXContainerItemProxy */;
		};
/* End PBXTargetDependency section */

/* Begin PBXVariantGroup section */
		0001977A2CAEF8D9007FF404 /* LaunchScreen.storyboard */ = {
			isa = PBXVariantGroup;
			children = (
				000197792CAEF8D9007FF404 /* LaunchScreen.storyboard */,
			);
			name = LaunchScreen.storyboard;
			sourceTree = "<group>";
		};
/* End PBXVariantGroup section */

/* Begin XCBuildConfiguration section */
		000A54E92CAED94400FBC1AF /* Debug */ = {
			isa = XCBuildConfiguration;
			buildSettings = {
				ALWAYS_SEARCH_USER_PATHS = NO;
				ASSETCATALOG_COMPILER_GENERATE_SWIFT_ASSET_SYMBOL_EXTENSIONS = YES;
				CLANG_ANALYZER_NONNULL = YES;
				CLANG_ANALYZER_NUMBER_OBJECT_CONVERSION = YES_AGGRESSIVE;
				CLANG_CXX_LANGUAGE_STANDARD = "gnu++20";
				CLANG_ENABLE_MODULES = YES;
				CLANG_ENABLE_OBJC_ARC = YES;
				CLANG_ENABLE_OBJC_WEAK = YES;
				CLANG_WARN_BLOCK_CAPTURE_AUTORELEASING = YES;
				CLANG_WARN_BOOL_CONVERSION = YES;
				CLANG_WARN_COMMA = YES;
				CLANG_WARN_CONSTANT_CONVERSION = YES;
				CLANG_WARN_DEPRECATED_OBJC_IMPLEMENTATIONS = YES;
				CLANG_WARN_DIRECT_OBJC_ISA_USAGE = YES_ERROR;
				CLANG_WARN_DOCUMENTATION_COMMENTS = YES;
				CLANG_WARN_EMPTY_BODY = YES;
				CLANG_WARN_ENUM_CONVERSION = YES;
				CLANG_WARN_INFINITE_RECURSION = YES;
				CLANG_WARN_INT_CONVERSION = YES;
				CLANG_WARN_NON_LITERAL_NULL_CONVERSION = YES;
				CLANG_WARN_OBJC_IMPLICIT_RETAIN_SELF = YES;
				CLANG_WARN_OBJC_LITERAL_CONVERSION = YES;
				CLANG_WARN_OBJC_ROOT_CLASS = YES_ERROR;
				CLANG_WARN_QUOTED_INCLUDE_IN_FRAMEWORK_HEADER = YES;
				CLANG_WARN_RANGE_LOOP_ANALYSIS = YES;
				CLANG_WARN_STRICT_PROTOTYPES = YES;
				CLANG_WARN_SUSPICIOUS_MOVE = YES;
				CLANG_WARN_UNGUARDED_AVAILABILITY = YES_AGGRESSIVE;
				CLANG_WARN_UNREACHABLE_CODE = YES;
				CLANG_WARN__DUPLICATE_METHOD_MATCH = YES;
				COPY_PHASE_STRIP = NO;
				DEBUG_INFORMATION_FORMAT = dwarf;
				ENABLE_STRICT_OBJC_MSGSEND = YES;
				ENABLE_TESTABILITY = YES;
				ENABLE_USER_SCRIPT_SANDBOXING = YES;
				GCC_C_LANGUAGE_STANDARD = gnu17;
				GCC_DYNAMIC_NO_PIC = NO;
				GCC_NO_COMMON_BLOCKS = YES;
				GCC_OPTIMIZATION_LEVEL = 0;
				GCC_PREPROCESSOR_DEFINITIONS = (
					"DEBUG=1",
					"$(inherited)",
				);
				GCC_WARN_64_TO_32_BIT_CONVERSION = YES;
				GCC_WARN_ABOUT_RETURN_TYPE = YES_ERROR;
				GCC_WARN_UNDECLARED_SELECTOR = YES;
				GCC_WARN_UNINITIALIZED_AUTOS = YES_AGGRESSIVE;
				GCC_WARN_UNUSED_FUNCTION = YES;
				GCC_WARN_UNUSED_VARIABLE = YES;
				IPHONEOS_DEPLOYMENT_TARGET = 18.0;
				LOCALIZATION_PREFERS_STRING_CATALOGS = YES;
				MTL_ENABLE_DEBUG_INFO = INCLUDE_SOURCE;
				MTL_FAST_MATH = YES;
				ONLY_ACTIVE_ARCH = YES;
				SDKROOT = iphoneos;
				SWIFT_ACTIVE_COMPILATION_CONDITIONS = "DEBUG $(inherited)";
				SWIFT_OPTIMIZATION_LEVEL = "-Onone";
			};
			name = Debug;
		};
		000A54EA2CAED94400FBC1AF /* Release */ = {
			isa = XCBuildConfiguration;
			buildSettings = {
				ALWAYS_SEARCH_USER_PATHS = NO;
				ASSETCATALOG_COMPILER_GENERATE_SWIFT_ASSET_SYMBOL_EXTENSIONS = YES;
				CLANG_ANALYZER_NONNULL = YES;
				CLANG_ANALYZER_NUMBER_OBJECT_CONVERSION = YES_AGGRESSIVE;
				CLANG_CXX_LANGUAGE_STANDARD = "gnu++20";
				CLANG_ENABLE_MODULES = YES;
				CLANG_ENABLE_OBJC_ARC = YES;
				CLANG_ENABLE_OBJC_WEAK = YES;
				CLANG_WARN_BLOCK_CAPTURE_AUTORELEASING = YES;
				CLANG_WARN_BOOL_CONVERSION = YES;
				CLANG_WARN_COMMA = YES;
				CLANG_WARN_CONSTANT_CONVERSION = YES;
				CLANG_WARN_DEPRECATED_OBJC_IMPLEMENTATIONS = YES;
				CLANG_WARN_DIRECT_OBJC_ISA_USAGE = YES_ERROR;
				CLANG_WARN_DOCUMENTATION_COMMENTS = YES;
				CLANG_WARN_EMPTY_BODY = YES;
				CLANG_WARN_ENUM_CONVERSION = YES;
				CLANG_WARN_INFINITE_RECURSION = YES;
				CLANG_WARN_INT_CONVERSION = YES;
				CLANG_WARN_NON_LITERAL_NULL_CONVERSION = YES;
				CLANG_WARN_OBJC_IMPLICIT_RETAIN_SELF = YES;
				CLANG_WARN_OBJC_LITERAL_CONVERSION = YES;
				CLANG_WARN_OBJC_ROOT_CLASS = YES_ERROR;
				CLANG_WARN_QUOTED_INCLUDE_IN_FRAMEWORK_HEADER = YES;
				CLANG_WARN_RANGE_LOOP_ANALYSIS = YES;
				CLANG_WARN_STRICT_PROTOTYPES = YES;
				CLANG_WARN_SUSPICIOUS_MOVE = YES;
				CLANG_WARN_UNGUARDED_AVAILABILITY = YES_AGGRESSIVE;
				CLANG_WARN_UNREACHABLE_CODE = YES;
				CLANG_WARN__DUPLICATE_METHOD_MATCH = YES;
				COPY_PHASE_STRIP = NO;
				DEBUG_INFORMATION_FORMAT = "dwarf-with-dsym";
				ENABLE_NS_ASSERTIONS = NO;
				ENABLE_STRICT_OBJC_MSGSEND = YES;
				ENABLE_USER_SCRIPT_SANDBOXING = YES;
				GCC_C_LANGUAGE_STANDARD = gnu17;
				GCC_NO_COMMON_BLOCKS = YES;
				GCC_WARN_64_TO_32_BIT_CONVERSION = YES;
				GCC_WARN_ABOUT_RETURN_TYPE = YES_ERROR;
				GCC_WARN_UNDECLARED_SELECTOR = YES;
				GCC_WARN_UNINITIALIZED_AUTOS = YES_AGGRESSIVE;
				GCC_WARN_UNUSED_FUNCTION = YES;
				GCC_WARN_UNUSED_VARIABLE = YES;
				IPHONEOS_DEPLOYMENT_TARGET = 18.0;
				LOCALIZATION_PREFERS_STRING_CATALOGS = YES;
				MTL_ENABLE_DEBUG_INFO = NO;
				MTL_FAST_MATH = YES;
				SDKROOT = iphoneos;
				SWIFT_COMPILATION_MODE = wholemodule;
				VALIDATE_PRODUCT = YES;
			};
			name = Release;
		};
		000A54EC2CAED94400FBC1AF /* Debug */ = {
			isa = XCBuildConfiguration;
			baseConfigurationReference = 676265ED8FECAED2193B6C12 /* Pods-FlexLayoutPractice.debug.xcconfig */;
			buildSettings = {
				ASSETCATALOG_COMPILER_APPICON_NAME = AppIcon;
				ASSETCATALOG_COMPILER_GLOBAL_ACCENT_COLOR_NAME = AccentColor;
				CLANG_ENABLE_MODULES = YES;
				CODE_SIGN_STYLE = Automatic;
				CURRENT_PROJECT_VERSION = 1;
				DEVELOPMENT_ASSET_PATHS = "\"FlexLayoutPractice/Preview Content\"";
				DEVELOPMENT_TEAM = QHUUD83226;
				ENABLE_PREVIEWS = YES;
				ENABLE_USER_SCRIPT_SANDBOXING = NO;
				GENERATE_INFOPLIST_FILE = YES;
				INFOPLIST_FILE = FlexLayoutPractice/Info.plist;
				INFOPLIST_KEY_UIApplicationSceneManifest_Generation = NO;
				INFOPLIST_KEY_UIApplicationSupportsIndirectInputEvents = NO;
				INFOPLIST_KEY_UILaunchScreen_Generation = NO;
				INFOPLIST_KEY_UILaunchStoryboardName = LaunchScreen;
				INFOPLIST_KEY_UISupportedInterfaceOrientations_iPad = "UIInterfaceOrientationPortrait UIInterfaceOrientationPortraitUpsideDown UIInterfaceOrientationLandscapeLeft UIInterfaceOrientationLandscapeRight";
				INFOPLIST_KEY_UISupportedInterfaceOrientations_iPhone = "UIInterfaceOrientationPortrait UIInterfaceOrientationLandscapeLeft UIInterfaceOrientationLandscapeRight";
				INFOPLIST_PREPROCESS = NO;
				LD_RUNPATH_SEARCH_PATHS = (
					"$(inherited)",
					"@executable_path/Frameworks",
				);
				MARKETING_VERSION = 1.0;
				PRODUCT_BUNDLE_IDENTIFIER = com.juhyang.FlexLayoutPractice;
				PRODUCT_NAME = "$(TARGET_NAME)";
				SWIFT_EMIT_LOC_STRINGS = YES;
				SWIFT_OPTIMIZATION_LEVEL = "-Onone";
				SWIFT_VERSION = 5.0;
				TARGETED_DEVICE_FAMILY = "1,2";
			};
			name = Debug;
		};
		000A54ED2CAED94400FBC1AF /* Release */ = {
			isa = XCBuildConfiguration;
			baseConfigurationReference = C4EDECE98EB0915074899B2F /* Pods-FlexLayoutPractice.release.xcconfig */;
			buildSettings = {
				ASSETCATALOG_COMPILER_APPICON_NAME = AppIcon;
				ASSETCATALOG_COMPILER_GLOBAL_ACCENT_COLOR_NAME = AccentColor;
				CLANG_ENABLE_MODULES = YES;
				CODE_SIGN_STYLE = Automatic;
				CURRENT_PROJECT_VERSION = 1;
				DEVELOPMENT_ASSET_PATHS = "\"FlexLayoutPractice/Preview Content\"";
				DEVELOPMENT_TEAM = QHUUD83226;
				ENABLE_PREVIEWS = YES;
				ENABLE_USER_SCRIPT_SANDBOXING = NO;
				GENERATE_INFOPLIST_FILE = YES;
				INFOPLIST_FILE = FlexLayoutPractice/Info.plist;
				INFOPLIST_KEY_UIApplicationSceneManifest_Generation = NO;
				INFOPLIST_KEY_UIApplicationSupportsIndirectInputEvents = NO;
				INFOPLIST_KEY_UILaunchScreen_Generation = NO;
				INFOPLIST_KEY_UILaunchStoryboardName = LaunchScreen;
				INFOPLIST_KEY_UISupportedInterfaceOrientations_iPad = "UIInterfaceOrientationPortrait UIInterfaceOrientationPortraitUpsideDown UIInterfaceOrientationLandscapeLeft UIInterfaceOrientationLandscapeRight";
				INFOPLIST_KEY_UISupportedInterfaceOrientations_iPhone = "UIInterfaceOrientationPortrait UIInterfaceOrientationLandscapeLeft UIInterfaceOrientationLandscapeRight";
				INFOPLIST_PREPROCESS = NO;
				LD_RUNPATH_SEARCH_PATHS = (
					"$(inherited)",
					"@executable_path/Frameworks",
				);
				MARKETING_VERSION = 1.0;
				PRODUCT_BUNDLE_IDENTIFIER = com.juhyang.FlexLayoutPractice;
				PRODUCT_NAME = "$(TARGET_NAME)";
				SWIFT_EMIT_LOC_STRINGS = YES;
				SWIFT_VERSION = 5.0;
				TARGETED_DEVICE_FAMILY = "1,2";
			};
			name = Release;
		};
		000A54EF2CAED94400FBC1AF /* Debug */ = {
			isa = XCBuildConfiguration;
			baseConfigurationReference = 8A976FB054C1FAAB0ADA591D /* Pods-FlexLayoutPracticeTests.debug.xcconfig */;
			buildSettings = {
				BUNDLE_LOADER = "$(TEST_HOST)";
				CODE_SIGN_STYLE = Automatic;
				CURRENT_PROJECT_VERSION = 1;
				DEVELOPMENT_TEAM = QHUUD83226;
				GENERATE_INFOPLIST_FILE = YES;
				IPHONEOS_DEPLOYMENT_TARGET = 18.0;
				MARKETING_VERSION = 1.0;
				PRODUCT_BUNDLE_IDENTIFIER = com.juhyang.FlexLayoutPracticeTests;
				PRODUCT_NAME = "$(TARGET_NAME)";
				SWIFT_EMIT_LOC_STRINGS = NO;
				SWIFT_VERSION = 5.0;
				TARGETED_DEVICE_FAMILY = "1,2";
				TEST_HOST = "$(BUILT_PRODUCTS_DIR)/FlexLayoutPractice.app/$(BUNDLE_EXECUTABLE_FOLDER_PATH)/FlexLayoutPractice";
			};
			name = Debug;
		};
		000A54F02CAED94400FBC1AF /* Release */ = {
			isa = XCBuildConfiguration;
			baseConfigurationReference = C035E727249D3966FB5F4BFE /* Pods-FlexLayoutPracticeTests.release.xcconfig */;
			buildSettings = {
				BUNDLE_LOADER = "$(TEST_HOST)";
				CODE_SIGN_STYLE = Automatic;
				CURRENT_PROJECT_VERSION = 1;
				DEVELOPMENT_TEAM = QHUUD83226;
				GENERATE_INFOPLIST_FILE = YES;
				IPHONEOS_DEPLOYMENT_TARGET = 18.0;
				MARKETING_VERSION = 1.0;
				PRODUCT_BUNDLE_IDENTIFIER = com.juhyang.FlexLayoutPracticeTests;
				PRODUCT_NAME = "$(TARGET_NAME)";
				SWIFT_EMIT_LOC_STRINGS = NO;
				SWIFT_VERSION = 5.0;
				TARGETED_DEVICE_FAMILY = "1,2";
				TEST_HOST = "$(BUILT_PRODUCTS_DIR)/FlexLayoutPractice.app/$(BUNDLE_EXECUTABLE_FOLDER_PATH)/FlexLayoutPractice";
			};
			name = Release;
		};
		000A54F22CAED94400FBC1AF /* Debug */ = {
			isa = XCBuildConfiguration;
			baseConfigurationReference = 4A30754CA6E1B6130E3BD607 /* Pods-FlexLayoutPractice-FlexLayoutPracticeUITests.debug.xcconfig */;
			buildSettings = {
				CODE_SIGN_STYLE = Automatic;
				CURRENT_PROJECT_VERSION = 1;
				DEVELOPMENT_TEAM = QHUUD83226;
				GENERATE_INFOPLIST_FILE = YES;
				MARKETING_VERSION = 1.0;
				PRODUCT_BUNDLE_IDENTIFIER = com.juhyang.FlexLayoutPracticeUITests;
				PRODUCT_NAME = "$(TARGET_NAME)";
				SWIFT_EMIT_LOC_STRINGS = NO;
				SWIFT_VERSION = 5.0;
				TARGETED_DEVICE_FAMILY = "1,2";
				TEST_TARGET_NAME = FlexLayoutPractice;
			};
			name = Debug;
		};
		000A54F32CAED94400FBC1AF /* Release */ = {
			isa = XCBuildConfiguration;
			baseConfigurationReference = C996D9B4A80BF63BDAC314E2 /* Pods-FlexLayoutPractice-FlexLayoutPracticeUITests.release.xcconfig */;
			buildSettings = {
				CODE_SIGN_STYLE = Automatic;
				CURRENT_PROJECT_VERSION = 1;
				DEVELOPMENT_TEAM = QHUUD83226;
				GENERATE_INFOPLIST_FILE = YES;
				MARKETING_VERSION = 1.0;
				PRODUCT_BUNDLE_IDENTIFIER = com.juhyang.FlexLayoutPracticeUITests;
				PRODUCT_NAME = "$(TARGET_NAME)";
				SWIFT_EMIT_LOC_STRINGS = NO;
				SWIFT_VERSION = 5.0;
				TARGETED_DEVICE_FAMILY = "1,2";
				TEST_TARGET_NAME = FlexLayoutPractice;
			};
			name = Release;
		};
/* End XCBuildConfiguration section */

/* Begin XCConfigurationList section */
		000A54C22CAED94300FBC1AF /* Build configuration list for PBXProject "FlexLayoutPractice" */ = {
			isa = XCConfigurationList;
			buildConfigurations = (
				000A54E92CAED94400FBC1AF /* Debug */,
				000A54EA2CAED94400FBC1AF /* Release */,
			);
			defaultConfigurationIsVisible = 0;
			defaultConfigurationName = Release;
		};
		000A54EB2CAED94400FBC1AF /* Build configuration list for PBXNativeTarget "FlexLayoutPractice" */ = {
			isa = XCConfigurationList;
			buildConfigurations = (
				000A54EC2CAED94400FBC1AF /* Debug */,
				000A54ED2CAED94400FBC1AF /* Release */,
			);
			defaultConfigurationIsVisible = 0;
			defaultConfigurationName = Release;
		};
		000A54EE2CAED94400FBC1AF /* Build configuration list for PBXNativeTarget "FlexLayoutPracticeTests" */ = {
			isa = XCConfigurationList;
			buildConfigurations = (
				000A54EF2CAED94400FBC1AF /* Debug */,
				000A54F02CAED94400FBC1AF /* Release */,
			);
			defaultConfigurationIsVisible = 0;
			defaultConfigurationName = Release;
		};
		000A54F12CAED94400FBC1AF /* Build configuration list for PBXNativeTarget "FlexLayoutPracticeUITests" */ = {
			isa = XCConfigurationList;
			buildConfigurations = (
				000A54F22CAED94400FBC1AF /* Debug */,
				000A54F32CAED94400FBC1AF /* Release */,
			);
			defaultConfigurationIsVisible = 0;
			defaultConfigurationName = Release;
		};
/* End XCConfigurationList section */
	};
	rootObject = 000A54BF2CAED94300FBC1AF /* Project object */;
}
